{
    "_readme": [
        "This file locks the dependencies of your project to a known state",
        "Read more about it at https://getcomposer.org/doc/01-basic-usage.md#installing-dependencies",
        "This file is @generated automatically"
    ],
    "content-hash": "4a0d827afee4e833866ef1b9a8c74f0e",
    "packages": [
        {
            "name": "bacon/bacon-qr-code",
            "version": "2.0.0",
            "source": {
                "type": "git",
                "url": "https://github.com/Bacon/BaconQrCode.git",
                "reference": "eaac909da3ccc32b748a65b127acd8918f58d9b0"
            },
            "dist": {
                "type": "zip",
                "url": "https://api.github.com/repos/Bacon/BaconQrCode/zipball/eaac909da3ccc32b748a65b127acd8918f58d9b0",
                "reference": "eaac909da3ccc32b748a65b127acd8918f58d9b0",
                "shasum": ""
            },
            "require": {
                "dasprid/enum": "^1.0",
                "ext-iconv": "*",
                "php": "^7.1"
            },
            "require-dev": {
                "phly/keep-a-changelog": "^1.4",
                "phpunit/phpunit": "^6.4",
                "squizlabs/php_codesniffer": "^3.1"
            },
            "suggest": {
                "ext-imagick": "to generate QR code images"
            },
            "type": "library",
            "autoload": {
                "psr-4": {
                    "BaconQrCode\\": "src/"
                }
            },
            "notification-url": "https://packagist.org/downloads/",
            "license": [
                "BSD-2-Clause"
            ],
            "authors": [
                {
                    "name": "Ben Scholzen 'DASPRiD'",
                    "email": "mail@dasprids.de",
                    "homepage": "http://www.dasprids.de",
                    "role": "Developer"
                }
            ],
            "description": "BaconQrCode is a QR code generator for PHP.",
            "homepage": "https://github.com/Bacon/BaconQrCode",
            "time": "2018-04-25T17:53:56+00:00"
        },
        {
            "name": "dasprid/enum",
            "version": "1.0.2",
            "source": {
                "type": "git",
                "url": "https://github.com/DASPRiD/Enum.git",
                "reference": "6ccc0d7141a7f149e3c56cb0ce5f05d9152cfd07"
            },
            "dist": {
                "type": "zip",
                "url": "https://api.github.com/repos/DASPRiD/Enum/zipball/6ccc0d7141a7f149e3c56cb0ce5f05d9152cfd07",
                "reference": "6ccc0d7141a7f149e3c56cb0ce5f05d9152cfd07",
                "shasum": ""
            },
            "require-dev": {
                "phpunit/phpunit": "^7 | ^8 | ^9",
                "squizlabs/php_codesniffer": "^3.4"
            },
            "type": "library",
            "autoload": {
                "psr-4": {
                    "DASPRiD\\Enum\\": "src/"
                }
            },
            "notification-url": "https://packagist.org/downloads/",
            "license": [
                "BSD-2-Clause"
            ],
            "authors": [
                {
                    "name": "Ben Scholzen 'DASPRiD'",
                    "email": "mail@dasprids.de",
                    "homepage": "https://dasprids.de/",
                    "role": "Developer"
                }
            ],
            "description": "PHP 7.1 enum implementation",
            "keywords": [
                "enum",
                "map"
            ],
            "time": "2020-07-30T16:37:13+00:00"
        },
        {
            "name": "simplesoftwareio/simple-qrcode",
            "version": "3.0.0",
            "source": {
                "type": "git",
                "url": "https://github.com/SimpleSoftwareIO/simple-qrcode.git",
                "reference": "151dd397426d9a6c0507c96e61ddd2ca1290ce1e"
            },
            "dist": {
                "type": "zip",
                "url": "https://api.github.com/repos/SimpleSoftwareIO/simple-qrcode/zipball/151dd397426d9a6c0507c96e61ddd2ca1290ce1e",
                "reference": "151dd397426d9a6c0507c96e61ddd2ca1290ce1e",
                "shasum": ""
            },
            "require": {
                "bacon/bacon-qr-code": "2.0.0",
                "ext-gd": "*",
                "php": ">=7.2"
            },
            "require-dev": {
                "mockery/mockery": "~1",
                "phpunit/phpunit": "~9"
            },
            "suggest": {
                "ext-imagick": "Allows the generation of PNG QrCodes.",
                "illuminate/support": "Allows for use within Laravel."
            },
            "type": "library",
            "extra": {
                "laravel": {
                    "providers": [
                        "SimpleSoftwareIO\\QrCode\\ServiceProvider"
                    ],
                    "aliases": {
                        "QrCode": "SimpleSoftwareIO\\QrCode\\Facade"
                    }
                }
            },
            "autoload": {
                "psr-4": {
                    "SimpleSoftwareIO\\QrCode\\": "src"
                }
            },
            "notification-url": "https://packagist.org/downloads/",
            "license": [
                "MIT"
            ],
            "authors": [
                {
                    "name": "Simple Software LLC",
                    "email": "support@simplesoftware.io"
                }
            ],
            "description": "Simple QrCode is a QR code generator made for Laravel.",
            "homepage": "http://www.simplesoftware.io",
            "keywords": [
                "Simple",
                "generator",
                "laravel",
                "qrcode",
                "wrapper"
            ],
            "time": "2020-06-02T20:41:21+00:00"
        }
    ],
    "packages-dev": [],
    "aliases": [],
    "minimum-stability": "stable",
    "stability-flags": [],
    "prefer-stable": false,
    "prefer-lowest": false,
    "platform": [],
    "platform-dev": [],
    "plugin-api-version": "1.1.0"
}
